
Microsoft Visual Studio Solution File, Format Version 12.00
Project("{FAE04EC0-301F-11D3-BF4B-00C04F79EFBC}") = "Comp2139-Assignment1", "Comp2139-Assignment1\Comp2139-Assignment1.csproj", "{21133271-D905-4E73-877F-D0A37800021D}"
EndProject
Global
	GlobalSection(SolutionConfigurationPlatforms) = preSolution
		Debug|Any CPU = Debug|Any CPU
		Release|Any CPU = Release|Any CPU
	EndGlobalSection
	GlobalSection(ProjectConfigurationPlatforms) = postSolution
		{21133271-D905-4E73-877F-D0A37800021D}.Debug|Any CPU.ActiveCfg = Debug|Any CPU
		{21133271-D905-4E73-877F-D0A37800021D}.Debug|Any CPU.Build.0 = Debug|Any CPU
		{21133271-D905-4E73-877F-D0A37800021D}.Release|Any CPU.ActiveCfg = Release|Any CPU
		{21133271-D905-4E73-877F-D0A37800021D}.Release|Any CPU.Build.0 = Release|Any CPU
	EndGlobalSection
EndGlobal
